<?xml version="1.0" encoding="utf-8"?>
<Project ToolsVersion="17.0" xmlns="http://schemas.microsoft.com/developer/msbuild/2003">
  <ItemGroup>
    <CustomBuild Include="C:\Users\god79\source\repos\LR1Build\CMakeFiles\38e5ad0bc2ef09262c9cf85489a9524c\INSTALL_force.rule">
      <Filter>CMake Rules</Filter>
    </CustomBuild>
  </ItemGroup>
  <ItemGroup>
    <Filter Include="CMake Rules">
      <UniqueIdentifier>{B02452D2-AEBC-3DEB-85B8-175DC3CF1A9C}</UniqueIdentifier>
    </Filter>
  </ItemGroup>
</Project>
